// !$*UTF8*$!
{
	archiveVersion = 1;
	classes = {
	};
	objectVersion = 77;
	objects = {

/* Begin PBXBuildFile section */
		005B5788731BC9717576535A /* MLXRandom in Frameworks */ = {isa = PBXBuildFile; productRef = 2D66DBA24F198FEEFAE8644E /* MLXRandom */; };
		014DEE82DA66F9241AE4CB01 /* StableAudioViewModel.swift in Sources */ = {isa = PBXBuildFile; fileRef = 669517E1AE7AA2C8811A6D35 /* StableAudioViewModel.swift */; };
		05D1BD6837FE4BAA1BE78E95 /* T5Gemma.swift in Sources */ = {isa = PBXBuildFile; fileRef = 5476E3AB12D37175B2A2041F /* T5Gemma.swift */; };
		3180A31393BB73AFAFA1B4DF /* WeightManifest.swift in Sources */ = {isa = PBXBuildFile; fileRef = 7717300AE1B912021BA67A4A /* WeightManifest.swift */; };
		4AA35D8C64430A3538BE0488 /* ContentView.swift in Sources */ = {isa = PBXBuildFile; fileRef = 67DBA4EFA847BC0D8D1A819C /* ContentView.swift */; };
		5C32E1A7EBBEAD1E72D24033 /* MLXNN in Frameworks */ = {isa = PBXBuildFile; productRef = 52CB8A6D89CCFA93C59001A6 /* MLXNN */; };
		6879F3FA60AFA6EE1FCD2B7D /* SA3Conditioning.swift in Sources */ = {isa = PBXBuildFile; fileRef = 5ED05B4CC8494E079E819BFE /* SA3Conditioning.swift */; };
		6A30DB5A93153417A2597D87 /* StableAudioPipeline.swift in Sources */ = {isa = PBXBuildFile; fileRef = 938576DCCB36C1853F14EF70 /* StableAudioPipeline.swift */; };
		716F982C3559FA15FC1E0685 /* SAMESDecoder.swift in Sources */ = {isa = PBXBuildFile; fileRef = D321918C394D34169DC672BC /* SAMESDecoder.swift */; };
		7D5AA486560D7CAB1D83E321 /* WeightTensorLoader.swift in Sources */ = {isa = PBXBuildFile; fileRef = BA65365EE163D9E239E08EB0 /* WeightTensorLoader.swift */; };
		83284AAC13CC3D49F65EB76C /* SentencepieceTokenizer in Frameworks */ = {isa = PBXBuildFile; productRef = 0EDED73B3983D3FAAC0C86DB /* SentencepieceTokenizer */; };
		A2948A8EE873FC49BEB863F6 /* Weights in Resources */ = {isa = PBXBuildFile; fileRef = D2FA469B4DB385E185B27466 /* Weights */; };
		A2E204A0623D13C6E74D4C9B /* MLXSmokeTest.swift in Sources */ = {isa = PBXBuildFile; fileRef = 5DE9B21B06999843AF1363A0 /* MLXSmokeTest.swift */; };
		A967AE8DB75F2498938F13E5 /* StableAudioGenerator.swift in Sources */ = {isa = PBXBuildFile; fileRef = 052EF5F774DBCDE211CB988C /* StableAudioGenerator.swift */; };
		B92B060B12F5E41C5AD6C5DD /* StableAudio3iOSApp.swift in Sources */ = {isa = PBXBuildFile; fileRef = 240B79C6A1D4281D841CFA39 /* StableAudio3iOSApp.swift */; };
		C86B3A11B02AF1F0986467A3 /* MLX in Frameworks */ = {isa = PBXBuildFile; productRef = 0127E5D27757F6AC35114B2E /* MLX */; };
		F94D0F73A07AB8ABEACF4F19 /* WeightInspector.swift in Sources */ = {isa = PBXBuildFile; fileRef = 1FBBC0986B9E23CD9C687408 /* WeightInspector.swift */; };
		FB9C65113AE0001732E9B006 /* DiTSmallMusic.swift in Sources */ = {isa = PBXBuildFile; fileRef = 2324B643968A6BAE2E676453 /* DiTSmallMusic.swift */; };
/* End PBXBuildFile section */

/* Begin PBXFileReference section */
		052EF5F774DBCDE211CB988C /* StableAudioGenerator.swift */ = {isa = PBXFileReference; lastKnownFileType = sourcecode.swift; path = StableAudioGenerator.swift; sourceTree = "<group>"; };
		1FBBC0986B9E23CD9C687408 /* WeightInspector.swift */ = {isa = PBXFileReference; lastKnownFileType = sourcecode.swift; path = WeightInspector.swift; sourceTree = "<group>"; };
		2324B643968A6BAE2E676453 /* DiTSmallMusic.swift */ = {isa = PBXFileReference; lastKnownFileType = sourcecode.swift; path = DiTSmallMusic.swift; sourceTree = "<group>"; };
		240B79C6A1D4281D841CFA39 /* StableAudio3iOSApp.swift */ = {isa = PBXFileReference; lastKnownFileType = sourcecode.swift; path = StableAudio3iOSApp.swift; sourceTree = "<group>"; };
		5476E3AB12D37175B2A2041F /* T5Gemma.swift */ = {isa = PBXFileReference; lastKnownFileType = sourcecode.swift; path = T5Gemma.swift; sourceTree = "<group>"; };
		5DE9B21B06999843AF1363A0 /* MLXSmokeTest.swift */ = {isa = PBXFileReference; lastKnownFileType = sourcecode.swift; path = MLXSmokeTest.swift; sourceTree = "<group>"; };
		5ED05B4CC8494E079E819BFE /* SA3Conditioning.swift */ = {isa = PBXFileReference; lastKnownFileType = sourcecode.swift; path = SA3Conditioning.swift; sourceTree = "<group>"; };
		669517E1AE7AA2C8811A6D35 /* StableAudioViewModel.swift */ = {isa = PBXFileReference; lastKnownFileType = sourcecode.swift; path = StableAudioViewModel.swift; sourceTree = "<group>"; };
		675DF82A2FF16D8DB20BEAAE /* StableAudio3iOS.app */ = {isa = PBXFileReference; includeInIndex = 0; lastKnownFileType = wrapper.application; path = StableAudio3iOS.app; sourceTree = BUILT_PRODUCTS_DIR; };
		67DBA4EFA847BC0D8D1A819C /* ContentView.swift */ = {isa = PBXFileReference; lastKnownFileType = sourcecode.swift; path = ContentView.swift; sourceTree = "<group>"; };
		7717300AE1B912021BA67A4A /* WeightManifest.swift */ = {isa = PBXFileReference; lastKnownFileType = sourcecode.swift; path = WeightManifest.swift; sourceTree = "<group>"; };
		938576DCCB36C1853F14EF70 /* StableAudioPipeline.swift */ = {isa = PBXFileReference; lastKnownFileType = sourcecode.swift; path = StableAudioPipeline.swift; sourceTree = "<group>"; };
		BA65365EE163D9E239E08EB0 /* WeightTensorLoader.swift */ = {isa = PBXFileReference; lastKnownFileType = sourcecode.swift; path = WeightTensorLoader.swift; sourceTree = "<group>"; };
		D2FA469B4DB385E185B27466 /* Weights */ = {isa = PBXFileReference; lastKnownFileType = folder; name = Weights; path = Resources/Weights; sourceTree = SOURCE_ROOT; };
		D321918C394D34169DC672BC /* SAMESDecoder.swift */ = {isa = PBXFileReference; lastKnownFileType = sourcecode.swift; path = SAMESDecoder.swift; sourceTree = "<group>"; };
/* End PBXFileReference section */

/* Begin PBXFrameworksBuildPhase section */
		28699845A3F9F067761BE711 /* Frameworks */ = {
			isa = PBXFrameworksBuildPhase;
			buildActionMask = 2147483647;
			files = (
				C86B3A11B02AF1F0986467A3 /* MLX in Frameworks */,
				5C32E1A7EBBEAD1E72D24033 /* MLXNN in Frameworks */,
				005B5788731BC9717576535A /* MLXRandom in Frameworks */,
				83284AAC13CC3D49F65EB76C /* SentencepieceTokenizer in Frameworks */,
			);
			runOnlyForDeploymentPostprocessing = 0;
		};
/* End PBXFrameworksBuildPhase section */

/* Begin PBXGroup section */
		18424001FC68DF292A666D94 /* StableAudio3iOS */ = {
			isa = PBXGroup;
			children = (
				67DBA4EFA847BC0D8D1A819C /* ContentView.swift */,
				2324B643968A6BAE2E676453 /* DiTSmallMusic.swift */,
				5DE9B21B06999843AF1363A0 /* MLXSmokeTest.swift */,
				5ED05B4CC8494E079E819BFE /* SA3Conditioning.swift */,
				D321918C394D34169DC672BC /* SAMESDecoder.swift */,
				240B79C6A1D4281D841CFA39 /* StableAudio3iOSApp.swift */,
				052EF5F774DBCDE211CB988C /* StableAudioGenerator.swift */,
				938576DCCB36C1853F14EF70 /* StableAudioPipeline.swift */,
				669517E1AE7AA2C8811A6D35 /* StableAudioViewModel.swift */,
				5476E3AB12D37175B2A2041F /* T5Gemma.swift */,
				1FBBC0986B9E23CD9C687408 /* WeightInspector.swift */,
				7717300AE1B912021BA67A4A /* WeightManifest.swift */,
				BA65365EE163D9E239E08EB0 /* WeightTensorLoader.swift */,
			);
			path = StableAudio3iOS;
			sourceTree = "<group>";
		};
		1C97FE79B931A3C4E9F8FAF3 /* Products */ = {
			isa = PBXGroup;
			children = (
				675DF82A2FF16D8DB20BEAAE /* StableAudio3iOS.app */,
			);
			name = Products;
			sourceTree = "<group>";
		};
		5935F2D9E09E9678019F04D7 = {
			isa = PBXGroup;
			children = (
				D2FA469B4DB385E185B27466 /* Weights */,
				18424001FC68DF292A666D94 /* StableAudio3iOS */,
				1C97FE79B931A3C4E9F8FAF3 /* Products */,
			);
			sourceTree = "<group>";
		};
/* End PBXGroup section */

/* Begin PBXNativeTarget section */
		FC3EF8923AFE275E86485562 /* StableAudio3iOS */ = {
			isa = PBXNativeTarget;
			buildConfigurationList = A397923B48BCFEB9614F6EC2 /* Build configuration list for PBXNativeTarget "StableAudio3iOS" */;
			buildPhases = (
				33BEE63EAD3286C6EE01E8F2 /* Sources */,
				3C7942F37BD5E8826D7F988F /* Resources */,
				28699845A3F9F067761BE711 /* Frameworks */,
			);
			buildRules = (
			);
			dependencies = (
			);
			name = StableAudio3iOS;
			packageProductDependencies = (
				0127E5D27757F6AC35114B2E /* MLX */,
				52CB8A6D89CCFA93C59001A6 /* MLXNN */,
				2D66DBA24F198FEEFAE8644E /* MLXRandom */,
				0EDED73B3983D3FAAC0C86DB /* SentencepieceTokenizer */,
			);
			productName = StableAudio3iOS;
			productReference = 675DF82A2FF16D8DB20BEAAE /* StableAudio3iOS.app */;
			productType = "com.apple.product-type.application";
		};
/* End PBXNativeTarget section */

/* Begin PBXProject section */
		5DDE1DC1E7E55953AE59A1BC /* Project object */ = {
			isa = PBXProject;
			attributes = {
				BuildIndependentTargetsInParallel = YES;
				LastUpgradeCheck = 1430;
				TargetAttributes = {
				};
			};
			buildConfigurationList = D1D1F7ACA4B7B14382EE801D /* Build configuration list for PBXProject "StableAudio3iOS" */;
			developmentRegion = en;
			hasScannedForEncodings = 0;
			knownRegions = (
				Base,
				en,
			);
			mainGroup = 5935F2D9E09E9678019F04D7;
			minimizedProjectReferenceProxies = 1;
			packageReferences = (
				D1FFDE49AC00B9AA2FD6BC85 /* XCRemoteSwiftPackageReference "mlx-swift" */,
				0AA66201E312002C15396933 /* XCRemoteSwiftPackageReference "swift-sentencepiece" */,
			);
			preferredProjectObjectVersion = 77;
			productRefGroup = 1C97FE79B931A3C4E9F8FAF3 /* Products */;
			projectDirPath = "";
			projectRoot = "";
			targets = (
				FC3EF8923AFE275E86485562 /* StableAudio3iOS */,
			);
		};
/* End PBXProject section */

/* Begin PBXResourcesBuildPhase section */
		3C7942F37BD5E8826D7F988F /* Resources */ = {
			isa = PBXResourcesBuildPhase;
			buildActionMask = 2147483647;
			files = (
				A2948A8EE873FC49BEB863F6 /* Weights in Resources */,
			);
			runOnlyForDeploymentPostprocessing = 0;
		};
/* End PBXResourcesBuildPhase section */

/* Begin PBXSourcesBuildPhase section */
		33BEE63EAD3286C6EE01E8F2 /* Sources */ = {
			isa = PBXSourcesBuildPhase;
			buildActionMask = 2147483647;
			files = (
				4AA35D8C64430A3538BE0488 /* ContentView.swift in Sources */,
				FB9C65113AE0001732E9B006 /* DiTSmallMusic.swift in Sources */,
				A2E204A0623D13C6E74D4C9B /* MLXSmokeTest.swift in Sources */,
				6879F3FA60AFA6EE1FCD2B7D /* SA3Conditioning.swift in Sources */,
				716F982C3559FA15FC1E0685 /* SAMESDecoder.swift in Sources */,
				B92B060B12F5E41C5AD6C5DD /* StableAudio3iOSApp.swift in Sources */,
				A967AE8DB75F2498938F13E5 /* StableAudioGenerator.swift in Sources */,
				6A30DB5A93153417A2597D87 /* StableAudioPipeline.swift in Sources */,
				014DEE82DA66F9241AE4CB01 /* StableAudioViewModel.swift in Sources */,
				05D1BD6837FE4BAA1BE78E95 /* T5Gemma.swift in Sources */,
				F94D0F73A07AB8ABEACF4F19 /* WeightInspector.swift in Sources */,
				3180A31393BB73AFAFA1B4DF /* WeightManifest.swift in Sources */,
				7D5AA486560D7CAB1D83E321 /* WeightTensorLoader.swift in Sources */,
			);
			runOnlyForDeploymentPostprocessing = 0;
		};
/* End PBXSourcesBuildPhase section */

/* Begin XCBuildConfiguration section */
		4CE0147EC9D96D1181829D41 /* Release */ = {
			isa = XCBuildConfiguration;
			buildSettings = {
				ASSETCATALOG_COMPILER_APPICON_NAME = AppIcon;
				ASSETCATALOG_COMPILER_GENERATE_SWIFT_ASSET_SYMBOL_EXTENSIONS = NO;
				CODE_SIGN_IDENTITY = "iPhone Developer";
				GENERATE_INFOPLIST_FILE = YES;
				INFOPLIST_KEY_CFBundleDisplayName = "Stable Audio 3";
				INFOPLIST_KEY_UIApplicationSupportsIndirectInputEvents = YES;
				INFOPLIST_KEY_UILaunchScreen_Generation = YES;
				IPHONEOS_DEPLOYMENT_TARGET = 17.0;
				LD_RUNPATH_SEARCH_PATHS = (
					"$(inherited)",
					"@executable_path/Frameworks",
				);
				PRODUCT_BUNDLE_IDENTIFIER = com.example.stableaudio3ios;
				PRODUCT_NAME = StableAudio3iOS;
				SDKROOT = iphoneos;
				SWIFT_VERSION = 6.0;
				TARGETED_DEVICE_FAMILY = 1;
			};
			name = Release;
		};
		B86D56CC937042478BC635E1 /* Debug */ = {
			isa = XCBuildConfiguration;
			buildSettings = {
				ALWAYS_SEARCH_USER_PATHS = NO;
				CLANG_ANALYZER_NONNULL = YES;
				CLANG_ANALYZER_NUMBER_OBJECT_CONVERSION = YES_AGGRESSIVE;
				CLANG_CXX_LANGUAGE_STANDARD = "gnu++14";
				CLANG_CXX_LIBRARY = "libc++";
				CLANG_ENABLE_MODULES = YES;
				CLANG_ENABLE_OBJC_ARC = YES;
				CLANG_ENABLE_OBJC_WEAK = YES;
				CLANG_WARN_BLOCK_CAPTURE_AUTORELEASING = YES;
				CLANG_WARN_BOOL_CONVERSION = YES;
				CLANG_WARN_COMMA = YES;
				CLANG_WARN_CONSTANT_CONVERSION = YES;
				CLANG_WARN_DEPRECATED_OBJC_IMPLEMENTATIONS = YES;
				CLANG_WARN_DIRECT_OBJC_ISA_USAGE = YES_ERROR;
				CLANG_WARN_DOCUMENTATION_COMMENTS = YES;
				CLANG_WARN_EMPTY_BODY = YES;
				CLANG_WARN_ENUM_CONVERSION = YES;
				CLANG_WARN_INFINITE_RECURSION = YES;
				CLANG_WARN_INT_CONVERSION = YES;
				CLANG_WARN_NON_LITERAL_NULL_CONVERSION = YES;
				CLANG_WARN_OBJC_IMPLICIT_RETAIN_SELF = YES;
				CLANG_WARN_OBJC_LITERAL_CONVERSION = YES;
				CLANG_WARN_OBJC_ROOT_CLASS = YES_ERROR;
				CLANG_WARN_QUOTED_INCLUDE_IN_FRAMEWORK_HEADER = YES;
				CLANG_WARN_RANGE_LOOP_ANALYSIS = YES;
				CLANG_WARN_STRICT_PROTOTYPES = YES;
				CLANG_WARN_SUSPICIOUS_MOVE = YES;
				CLANG_WARN_UNGUARDED_AVAILABILITY = YES_AGGRESSIVE;
				CLANG_WARN_UNREACHABLE_CODE = YES;
				CLANG_WARN__DUPLICATE_METHOD_MATCH = YES;
				COPY_PHASE_STRIP = NO;
				DEBUG_INFORMATION_FORMAT = dwarf;
				ENABLE_STRICT_OBJC_MSGSEND = YES;
				ENABLE_TESTABILITY = YES;
				GCC_C_LANGUAGE_STANDARD = gnu11;
				GCC_DYNAMIC_NO_PIC = NO;
				GCC_NO_COMMON_BLOCKS = YES;
				GCC_OPTIMIZATION_LEVEL = 0;
				GCC_PREPROCESSOR_DEFINITIONS = (
					"$(inherited)",
					"DEBUG=1",
				);
				GCC_WARN_64_TO_32_BIT_CONVERSION = YES;
				GCC_WARN_ABOUT_RETURN_TYPE = YES_ERROR;
				GCC_WARN_UNDECLARED_SELECTOR = YES;
				GCC_WARN_UNINITIALIZED_AUTOS = YES_AGGRESSIVE;
				GCC_WARN_UNUSED_FUNCTION = YES;
				GCC_WARN_UNUSED_VARIABLE = YES;
				IPHONEOS_DEPLOYMENT_TARGET = 17.0;
				MTL_ENABLE_DEBUG_INFO = INCLUDE_SOURCE;
				MTL_FAST_MATH = YES;
				ONLY_ACTIVE_ARCH = YES;
				PRODUCT_NAME = "$(TARGET_NAME)";
				SDKROOT = iphoneos;
				SWIFT_ACTIVE_COMPILATION_CONDITIONS = DEBUG;
				SWIFT_OPTIMIZATION_LEVEL = "-Onone";
				SWIFT_VERSION = 5.0;
			};
			name = Debug;
		};
		CBDFE2B993642BB5757D80C0 /* Release */ = {
			isa = XCBuildConfiguration;
			buildSettings = {
				ALWAYS_SEARCH_USER_PATHS = NO;
				CLANG_ANALYZER_NONNULL = YES;
				CLANG_ANALYZER_NUMBER_OBJECT_CONVERSION = YES_AGGRESSIVE;
				CLANG_CXX_LANGUAGE_STANDARD = "gnu++14";
				CLANG_CXX_LIBRARY = "libc++";
				CLANG_ENABLE_MODULES = YES;
				CLANG_ENABLE_OBJC_ARC = YES;
				CLANG_ENABLE_OBJC_WEAK = YES;
				CLANG_WARN_BLOCK_CAPTURE_AUTORELEASING = YES;
				CLANG_WARN_BOOL_CONVERSION = YES;
				CLANG_WARN_COMMA = YES;
				CLANG_WARN_CONSTANT_CONVERSION = YES;
				CLANG_WARN_DEPRECATED_OBJC_IMPLEMENTATIONS = YES;
				CLANG_WARN_DIRECT_OBJC_ISA_USAGE = YES_ERROR;
				CLANG_WARN_DOCUMENTATION_COMMENTS = YES;
				CLANG_WARN_EMPTY_BODY = YES;
				CLANG_WARN_ENUM_CONVERSION = YES;
				CLANG_WARN_INFINITE_RECURSION = YES;
				CLANG_WARN_INT_CONVERSION = YES;
				CLANG_WARN_NON_LITERAL_NULL_CONVERSION = YES;
				CLANG_WARN_OBJC_IMPLICIT_RETAIN_SELF = YES;
				CLANG_WARN_OBJC_LITERAL_CONVERSION = YES;
				CLANG_WARN_OBJC_ROOT_CLASS = YES_ERROR;
				CLANG_WARN_QUOTED_INCLUDE_IN_FRAMEWORK_HEADER = YES;
				CLANG_WARN_RANGE_LOOP_ANALYSIS = YES;
				CLANG_WARN_STRICT_PROTOTYPES = YES;
				CLANG_WARN_SUSPICIOUS_MOVE = YES;
				CLANG_WARN_UNGUARDED_AVAILABILITY = YES_AGGRESSIVE;
				CLANG_WARN_UNREACHABLE_CODE = YES;
				CLANG_WARN__DUPLICATE_METHOD_MATCH = YES;
				COPY_PHASE_STRIP = NO;
				DEBUG_INFORMATION_FORMAT = "dwarf-with-dsym";
				ENABLE_NS_ASSERTIONS = NO;
				ENABLE_STRICT_OBJC_MSGSEND = YES;
				GCC_C_LANGUAGE_STANDARD = gnu11;
				GCC_NO_COMMON_BLOCKS = YES;
				GCC_WARN_64_TO_32_BIT_CONVERSION = YES;
				GCC_WARN_ABOUT_RETURN_TYPE = YES_ERROR;
				GCC_WARN_UNDECLARED_SELECTOR = YES;
				GCC_WARN_UNINITIALIZED_AUTOS = YES_AGGRESSIVE;
				GCC_WARN_UNUSED_FUNCTION = YES;
				GCC_WARN_UNUSED_VARIABLE = YES;
				IPHONEOS_DEPLOYMENT_TARGET = 17.0;
				MTL_ENABLE_DEBUG_INFO = NO;
				MTL_FAST_MATH = YES;
				PRODUCT_NAME = "$(TARGET_NAME)";
				SDKROOT = iphoneos;
				SWIFT_COMPILATION_MODE = wholemodule;
				SWIFT_OPTIMIZATION_LEVEL = "-O";
				SWIFT_VERSION = 5.0;
			};
			name = Release;
		};
		DB435991D987D4306CDB4D8E /* Debug */ = {
			isa = XCBuildConfiguration;
			buildSettings = {
				ASSETCATALOG_COMPILER_APPICON_NAME = AppIcon;
				ASSETCATALOG_COMPILER_GENERATE_SWIFT_ASSET_SYMBOL_EXTENSIONS = NO;
				CODE_SIGN_IDENTITY = "iPhone Developer";
				GENERATE_INFOPLIST_FILE = YES;
				INFOPLIST_KEY_CFBundleDisplayName = "Stable Audio 3";
				INFOPLIST_KEY_UIApplicationSupportsIndirectInputEvents = YES;
				INFOPLIST_KEY_UILaunchScreen_Generation = YES;
				IPHONEOS_DEPLOYMENT_TARGET = 17.0;
				LD_RUNPATH_SEARCH_PATHS = (
					"$(inherited)",
					"@executable_path/Frameworks",
				);
				PRODUCT_BUNDLE_IDENTIFIER = com.example.stableaudio3ios;
				PRODUCT_NAME = StableAudio3iOS;
				SDKROOT = iphoneos;
				SWIFT_VERSION = 6.0;
				TARGETED_DEVICE_FAMILY = 1;
			};
			name = Debug;
		};
/* End XCBuildConfiguration section */

/* Begin XCConfigurationList section */
		A397923B48BCFEB9614F6EC2 /* Build configuration list for PBXNativeTarget "StableAudio3iOS" */ = {
			isa = XCConfigurationList;
			buildConfigurations = (
				DB435991D987D4306CDB4D8E /* Debug */,
				4CE0147EC9D96D1181829D41 /* Release */,
			);
			defaultConfigurationIsVisible = 0;
			defaultConfigurationName = Debug;
		};
		D1D1F7ACA4B7B14382EE801D /* Build configuration list for PBXProject "StableAudio3iOS" */ = {
			isa = XCConfigurationList;
			buildConfigurations = (
				B86D56CC937042478BC635E1 /* Debug */,
				CBDFE2B993642BB5757D80C0 /* Release */,
			);
			defaultConfigurationIsVisible = 0;
			defaultConfigurationName = Debug;
		};
/* End XCConfigurationList section */

/* Begin XCRemoteSwiftPackageReference section */
		0AA66201E312002C15396933 /* XCRemoteSwiftPackageReference "swift-sentencepiece" */ = {
			isa = XCRemoteSwiftPackageReference;
			repositoryURL = "https://github.com/jkrukowski/swift-sentencepiece";
			requirement = {
				kind = revision;
				revision = b968826b1d3b76e37359abdbe2f4c0daaa96a50a;
			};
		};
		D1FFDE49AC00B9AA2FD6BC85 /* XCRemoteSwiftPackageReference "mlx-swift" */ = {
			isa = XCRemoteSwiftPackageReference;
			repositoryURL = "https://github.com/ml-explore/mlx-swift";
			requirement = {
				kind = revision;
				revision = 89cece7dcb513a4f3a20a83ece3767ef23665887;
			};
		};
/* End XCRemoteSwiftPackageReference section */

/* Begin XCSwiftPackageProductDependency section */
		0127E5D27757F6AC35114B2E /* MLX */ = {
			isa = XCSwiftPackageProductDependency;
			package = D1FFDE49AC00B9AA2FD6BC85 /* XCRemoteSwiftPackageReference "mlx-swift" */;
			productName = MLX;
		};
		0EDED73B3983D3FAAC0C86DB /* SentencepieceTokenizer */ = {
			isa = XCSwiftPackageProductDependency;
			package = 0AA66201E312002C15396933 /* XCRemoteSwiftPackageReference "swift-sentencepiece" */;
			productName = SentencepieceTokenizer;
		};
		2D66DBA24F198FEEFAE8644E /* MLXRandom */ = {
			isa = XCSwiftPackageProductDependency;
			package = D1FFDE49AC00B9AA2FD6BC85 /* XCRemoteSwiftPackageReference "mlx-swift" */;
			productName = MLXRandom;
		};
		52CB8A6D89CCFA93C59001A6 /* MLXNN */ = {
			isa = XCSwiftPackageProductDependency;
			package = D1FFDE49AC00B9AA2FD6BC85 /* XCRemoteSwiftPackageReference "mlx-swift" */;
			productName = MLXNN;
		};
/* End XCSwiftPackageProductDependency section */
	};
	rootObject = 5DDE1DC1E7E55953AE59A1BC /* Project object */;
}
